{
    "_readme": [
        "This file locks the dependencies of your project to a known state",
        "Read more about it at https://getcomposer.org/doc/01-basic-usage.md#composer-lock-the-lock-file",
        "This file is @generated automatically"
    ],
    "hash": "0a3cffed244da43e454bf248a4b3ffe7",
    "packages": [
        {
            "name": "composer/installers",
            "version": "dev-master",
            "source": {
                "type": "git",
                "url": "https://github.com/composer/installers.git",
                "reference": "a66f93a541c2214b4865161426b077e2b7d951de"
            },
            "dist": {
                "type": "zip",
                "url": "https://api.github.com/repos/composer/installers/zipball/a66f93a541c2214b4865161426b077e2b7d951de",
                "reference": "a66f93a541c2214b4865161426b077e2b7d951de",
                "shasum": ""
            },
            "replace": {
                "roundcube/plugin-installer": "*",
                "shama/baton": "*"
            },
            "require-dev": {
                "composer/composer": "1.0.*@dev",
                "phpunit/phpunit": "4.1.*"
            },
            "type": "composer-installer",
            "extra": {
                "class": "Composer\\Installers\\Installer",
                "branch-alias": {
                    "dev-master": "1.0-dev"
                }
            },
            "autoload": {
                "psr-0": {
                    "Composer\\Installers\\": "src/"
                }
            },
            "notification-url": "https://packagist.org/downloads/",
            "license": [
                "MIT"
            ],
            "authors": [
                {
                    "name": "Kyle Robinson Young",
                    "email": "kyle@dontkry.com",
                    "homepage": "https://github.com/shama"
                }
            ],
            "description": "A multi-framework Composer library installer",
            "homepage": "http://composer.github.com/installers/",
            "keywords": [
                "Craft",
                "Dolibarr",
                "Hurad",
                "MODX Evo",
                "OXID",
                "SMF",
                "Thelia",
                "WolfCMS",
                "agl",
                "aimeos",
                "annotatecms",
                "bitrix",
                "cakephp",
                "chef",
                "codeigniter",
                "concrete5",
                "croogo",
                "dokuwiki",
                "drupal",
                "elgg",
                "fuelphp",
                "grav",
                "installer",
                "joomla",
                "kohana",
                "laravel",
                "lithium",
                "magento",
                "mako",
                "mediawiki",
                "modulework",
                "moodle",
                "phpbb",
                "piwik",
                "ppi",
                "puppet",
                "roundcube",
                "shopware",
                "silverstripe",
                "symfony",
                "typo3",
                "wordpress",
                "zend",
                "zikula"
            ],
            "time": "2015-04-21 19:54:55"
        },
        {
            "name": "xpaw/php-minecraft-query",
            "version": "dev-master",
            "source": {
                "type": "git",
                "url": "https://github.com/xPaw/PHP-Minecraft-Query.git",
                "reference": "f7f78845970bbd9d10ce669251fff17dd7153a78"
            },
            "dist": {
                "type": "zip",
                "url": "https://api.github.com/repos/xPaw/PHP-Minecraft-Query/zipball/f7f78845970bbd9d10ce669251fff17dd7153a78",
                "reference": "f7f78845970bbd9d10ce669251fff17dd7153a78",
                "shasum": ""
            },
            "require": {
                "php": ">=5.3.0"
            },
            "type": "library",
            "autoload": {
                "psr-4": {
                    "xPaw\\": "src"
                }
            },
            "notification-url": "https://packagist.org/downloads/",
            "license": [
                "CC BY-NC-SA 3.0"
            ],
            "description": "A Minecraft Server query handler for php",
            "keywords": [
                "minecraft"
            ],
            "time": "2015-04-29 18:08:29"
        }
    ],
    "packages-dev": [],
    "aliases": [],
    "minimum-stability": "dev",
    "stability-flags": {
        "xpaw/php-minecraft-query": 20
    },
    "prefer-stable": false,
    "prefer-lowest": false,
    "platform": [],
    "platform-dev": []
}
